
Microsoft Visual Studio Solution File, Format Version 12.00
# Visual Studio Version 17
VisualStudioVersion = 17.13.35931.197 d17.13
MinimumVisualStudioVersion = 10.0.40219.1
Project("{8BC9CEB8-8B4A-11D0-8D11-00A0C91BC942}") = "ffi", "ffi.vcxproj", "{3DDB3BAD-38EC-4BAA-815B-D842B34548C0}"
EndProject
Global
	GlobalSection(SolutionConfigurationPlatforms) = preSolution
		Release|x86 = Release|x86
	EndGlobalSection
	GlobalSection(ProjectConfigurationPlatforms) = postSolution
		{3DDB3BAD-38EC-4BAA-815B-D842B34548C0}.Release|x86.ActiveCfg = Release|Win32
		{3DDB3BAD-38EC-4BAA-815B-D842B34548C0}.Release|x86.Build.0 = Release|Win32
	EndGlobalSection
	GlobalSection(SolutionProperties) = preSolution
		HideSolutionNode = FALSE
	EndGlobalSection
	GlobalSection(ExtensibilityGlobals) = postSolution
		SolutionGuid = {1480BB5D-1E58-41EA-97A5-277CF96A164E}
	EndGlobalSection
EndGlobal
